
Microsoft Visual Studio Solution File, Format Version 12.00
# Visual Studio 15
VisualStudioVersion = 15.0.26730.12
MinimumVisualStudioVersion = 10.0.40219.1
Project("{FAE04EC0-301F-11D3-BF4B-00C04F79EFBC}") = "TicTacToeUI", "TicTacToeUI\TicTacToeUI.csproj", "{0481E946-810B-4553-99E8-CD71DB95AC80}"
EndProject
Project("{FAE04EC0-301F-11D3-BF4B-00C04F79EFBC}") = "Game", "Game\Game.csproj", "{E9F83DEE-9D2C-4297-9C1C-7EE9F015C555}"
EndProject
Project("{FAE04EC0-301F-11D3-BF4B-00C04F79EFBC}") = "Player", "Player\Player.csproj", "{EE8706AD-B691-4BC1-B388-5CB5CA21BF54}"
EndProject
Project("{FAE04EC0-301F-11D3-BF4B-00C04F79EFBC}") = "Blackboard", "Blackboard\Blackboard.csproj", "{D94410C4-1825-4221-9C9A-4F077CA997FB}"
EndProject
Project("{FAE04EC0-301F-11D3-BF4B-00C04F79EFBC}") = "Square", "Square\Square.csproj", "{18AD84EB-BDF5-41ED-A93B-9C87DF36F669}"
EndProject
Global
	GlobalSection(SolutionConfigurationPlatforms) = preSolution
		Debug|Any CPU = Debug|Any CPU
		Release|Any CPU = Release|Any CPU
	EndGlobalSection
	GlobalSection(ProjectConfigurationPlatforms) = postSolution
		{0481E946-810B-4553-99E8-CD71DB95AC80}.Debug|Any CPU.ActiveCfg = Debug|Any CPU
		{0481E946-810B-4553-99E8-CD71DB95AC80}.Debug|Any CPU.Build.0 = Debug|Any CPU
		{0481E946-810B-4553-99E8-CD71DB95AC80}.Release|Any CPU.ActiveCfg = Release|Any CPU
		{0481E946-810B-4553-99E8-CD71DB95AC80}.Release|Any CPU.Build.0 = Release|Any CPU
		{E9F83DEE-9D2C-4297-9C1C-7EE9F015C555}.Debug|Any CPU.ActiveCfg = Debug|Any CPU
		{E9F83DEE-9D2C-4297-9C1C-7EE9F015C555}.Debug|Any CPU.Build.0 = Debug|Any CPU
		{E9F83DEE-9D2C-4297-9C1C-7EE9F015C555}.Release|Any CPU.ActiveCfg = Release|Any CPU
		{E9F83DEE-9D2C-4297-9C1C-7EE9F015C555}.Release|Any CPU.Build.0 = Release|Any CPU
		{EE8706AD-B691-4BC1-B388-5CB5CA21BF54}.Debug|Any CPU.ActiveCfg = Debug|Any CPU
		{EE8706AD-B691-4BC1-B388-5CB5CA21BF54}.Debug|Any CPU.Build.0 = Debug|Any CPU
		{EE8706AD-B691-4BC1-B388-5CB5CA21BF54}.Release|Any CPU.ActiveCfg = Release|Any CPU
		{EE8706AD-B691-4BC1-B388-5CB5CA21BF54}.Release|Any CPU.Build.0 = Release|Any CPU
		{D94410C4-1825-4221-9C9A-4F077CA997FB}.Debug|Any CPU.ActiveCfg = Debug|Any CPU
		{D94410C4-1825-4221-9C9A-4F077CA997FB}.Debug|Any CPU.Build.0 = Debug|Any CPU
		{D94410C4-1825-4221-9C9A-4F077CA997FB}.Release|Any CPU.ActiveCfg = Release|Any CPU
		{D94410C4-1825-4221-9C9A-4F077CA997FB}.Release|Any CPU.Build.0 = Release|Any CPU
		{18AD84EB-BDF5-41ED-A93B-9C87DF36F669}.Debug|Any CPU.ActiveCfg = Debug|Any CPU
		{18AD84EB-BDF5-41ED-A93B-9C87DF36F669}.Debug|Any CPU.Build.0 = Debug|Any CPU
		{18AD84EB-BDF5-41ED-A93B-9C87DF36F669}.Release|Any CPU.ActiveCfg = Release|Any CPU
		{18AD84EB-BDF5-41ED-A93B-9C87DF36F669}.Release|Any CPU.Build.0 = Release|Any CPU
	EndGlobalSection
	GlobalSection(SolutionProperties) = preSolution
		HideSolutionNode = FALSE
	EndGlobalSection
	GlobalSection(ExtensibilityGlobals) = postSolution
		SolutionGuid = {F68FB7CE-D73C-471A-8713-DB05B877207D}
	EndGlobalSection
EndGlobal
